// !$*UTF8*$!
{
	archiveVersion = 1;
	classes = {
	};
	objectVersion = 46;
	objects = {

/* Begin PBXBuildFile section */
		37BD63881B8F4DFD002DD928 /* AppDelegate.swift in Sources */ = {isa = PBXBuildFile; fileRef = 37BD63871B8F4DFD002DD928 /* AppDelegate.swift */; };
		37BD638A1B8F4DFD002DD928 /* ViewController.swift in Sources */ = {isa = PBXBuildFile; fileRef = 37BD63891B8F4DFD002DD928 /* ViewController.swift */; };
		37BD638D1B8F4DFD002DD928 /* Main.storyboard in Resources */ = {isa = PBXBuildFile; fileRef = 37BD638B1B8F4DFD002DD928 /* Main.storyboard */; };
		37BD638F1B8F4DFD002DD928 /* Images.xcassets in Resources */ = {isa = PBXBuildFile; fileRef = 37BD638E1B8F4DFD002DD928 /* Images.xcassets */; };
		37BD63921B8F4DFD002DD928 /* LaunchScreen.xib in Resources */ = {isa = PBXBuildFile; fileRef = 37BD63901B8F4DFD002DD928 /* LaunchScreen.xib */; };
		37BD639E1B8F4DFD002DD928 /* QQTests.swift in Sources */ = {isa = PBXBuildFile; fileRef = 37BD639D1B8F4DFD002DD928 /* QQTests.swift */; };
/* End PBXBuildFile section */

/* Begin PBXContainerItemProxy section */
		37BD63981B8F4DFD002DD928 /* PBXContainerItemProxy */ = {
			isa = PBXContainerItemProxy;
			containerPortal = 37BD637A1B8F4DFD002DD928 /* Project object */;
			proxyType = 1;
			remoteGlobalIDString = 37BD63811B8F4DFD002DD928;
			remoteInfo = QQ;
		};
/* End PBXContainerItemProxy section */

/* Begin PBXFileReference section */
		37BD63821B8F4DFD002DD928 /* QQ.app */ = {isa = PBXFileReference; explicitFileType = wrapper.application; includeInIndex = 0; path = QQ.app; sourceTree = BUILT_PRODUCTS_DIR; };
		37BD63861B8F4DFD002DD928 /* Info.plist */ = {isa = PBXFileReference; lastKnownFileType = text.plist.xml; path = Info.plist; sourceTree = "<group>"; };
		37BD63871B8F4DFD002DD928 /* AppDelegate.swift */ = {isa = PBXFileReference; lastKnownFileType = sourcecode.swift; path = AppDelegate.swift; sourceTree = "<group>"; };
		37BD63891B8F4DFD002DD928 /* ViewController.swift */ = {isa = PBXFileReference; lastKnownFileType = sourcecode.swift; path = ViewController.swift; sourceTree = "<group>"; };
		37BD638C1B8F4DFD002DD928 /* Base */ = {isa = PBXFileReference; lastKnownFileType = file.storyboard; name = Base; path = Base.lproj/Main.storyboard; sourceTree = "<group>"; };
		37BD638E1B8F4DFD002DD928 /* Images.xcassets */ = {isa = PBXFileReference; lastKnownFileType = folder.assetcatalog; path = Images.xcassets; sourceTree = "<group>"; };
		37BD63911B8F4DFD002DD928 /* Base */ = {isa = PBXFileReference; lastKnownFileType = file.xib; name = Base; path = Base.lproj/LaunchScreen.xib; sourceTree = "<group>"; };
		37BD63971B8F4DFD002DD928 /* QQTests.xctest */ = {isa = PBXFileReference; explicitFileType = wrapper.cfbundle; includeInIndex = 0; path = QQTests.xctest; sourceTree = BUILT_PRODUCTS_DIR; };
		37BD639C1B8F4DFD002DD928 /* Info.plist */ = {isa = PBXFileReference; lastKnownFileType = text.plist.xml; path = Info.plist; sourceTree = "<group>"; };
		37BD639D1B8F4DFD002DD928 /* QQTests.swift */ = {isa = PBXFileReference; lastKnownFileType = sourcecode.swift; path = QQTests.swift; sourceTree = "<group>"; };
/* End PBXFileReference section */

/* Begin PBXFrameworksBuildPhase section */
		37BD637F1B8F4DFD002DD928 /* Frameworks */ = {
			isa = PBXFrameworksBuildPhase;
			buildActionMask = 2147483647;
			files = (
			);
			runOnlyForDeploymentPostprocessing = 0;
		};
		37BD63941B8F4DFD002DD928 /* Frameworks */ = {
			isa = PBXFrameworksBuildPhase;
			buildActionMask = 2147483647;
			files = (
			);
			runOnlyForDeploymentPostprocessing = 0;
		};
/* End PBXFrameworksBuildPhase section */

/* Begin PBXGroup section */
		37BD63791B8F4DFD002DD928 = {
			isa = PBXGroup;
			children = (
				37BD63841B8F4DFD002DD928 /* QQ */,
				37BD639A1B8F4DFD002DD928 /* QQTests */,
				37BD63831B8F4DFD002DD928 /* Products */,
			);
			sourceTree = "<group>";
		};
		37BD63831B8F4DFD002DD928 /* Products */ = {
			isa = PBXGroup;
			children = (
				37BD63821B8F4DFD002DD928 /* QQ.app */,
				37BD63971B8F4DFD002DD928 /* QQTests.xctest */,
			);
			name = Products;
			sourceTree = "<group>";
		};
		37BD63841B8F4DFD002DD928 /* QQ */ = {
			isa = PBXGroup;
			children = (
				37BD63871B8F4DFD002DD928 /* AppDelegate.swift */,
				37BD63891B8F4DFD002DD928 /* ViewController.swift */,
				37BD638B1B8F4DFD002DD928 /* Main.storyboard */,
				37BD638E1B8F4DFD002DD928 /* Images.xcassets */,
				37BD63901B8F4DFD002DD928 /* LaunchScreen.xib */,
				37BD63851B8F4DFD002DD928 /* Supporting Files */,
			);
			path = QQ;
			sourceTree = "<group>";
		};
		37BD63851B8F4DFD002DD928 /* Supporting Files */ = {
			isa = PBXGroup;
			children = (
				37BD63861B8F4DFD002DD928 /* Info.plist */,
			);
			name = "Supporting Files";
			sourceTree = "<group>";
		};
		37BD639A1B8F4DFD002DD928 /* QQTests */ = {
			isa = PBXGroup;
			children = (
				37BD639D1B8F4DFD002DD928 /* QQTests.swift */,
				37BD639B1B8F4DFD002DD928 /* Supporting Files */,
			);
			path = QQTests;
			sourceTree = "<group>";
		};
		37BD639B1B8F4DFD002DD928 /* Supporting Files */ = {
			isa = PBXGroup;
			children = (
				37BD639C1B8F4DFD002DD928 /* Info.plist */,
			);
			name = "Supporting Files";
			sourceTree = "<group>";
		};
/* End PBXGroup section */

/* Begin PBXNativeTarget section */
		37BD63811B8F4DFD002DD928 /* QQ */ = {
			isa = PBXNativeTarget;
			buildConfigurationList = 37BD63A11B8F4DFD002DD928 /* Build configuration list for PBXNativeTarget "QQ" */;
			buildPhases = (
				37BD637E1B8F4DFD002DD928 /* Sources */,
				37BD637F1B8F4DFD002DD928 /* Frameworks */,
				37BD63801B8F4DFD002DD928 /* Resources */,
			);
			buildRules = (
			);
			dependencies = (
			);
			name = QQ;
			productName = QQ;
			productReference = 37BD63821B8F4DFD002DD928 /* QQ.app */;
			productType = "com.apple.product-type.application";
		};
		37BD63961B8F4DFD002DD928 /* QQTests */ = {
			isa = PBXNativeTarget;
			buildConfigurationList = 37BD63A41B8F4DFD002DD928 /* Build configuration list for PBXNativeTarget "QQTests" */;
			buildPhases = (
				37BD63931B8F4DFD002DD928 /* Sources */,
				37BD63941B8F4DFD002DD928 /* Frameworks */,
				37BD63951B8F4DFD002DD928 /* Resources */,
			);
			buildRules = (
			);
			dependencies = (
				37BD63991B8F4DFD002DD928 /* PBXTargetDependency */,
			);
			name = QQTests;
			productName = QQTests;
			productReference = 37BD63971B8F4DFD002DD928 /* QQTests.xctest */;
			productType = "com.apple.product-type.bundle.unit-test";
		};
/* End PBXNativeTarget section */

/* Begin PBXProject section */
		37BD637A1B8F4DFD002DD928 /* Project object */ = {
			isa = PBXProject;
			attributes = {
				LastUpgradeCheck = 0640;
				ORGANIZATIONNAME = Tips;
				TargetAttributes = {
					37BD63811B8F4DFD002DD928 = {
						CreatedOnToolsVersion = 6.4;
					};
					37BD63961B8F4DFD002DD928 = {
						CreatedOnToolsVersion = 6.4;
						TestTargetID = 37BD63811B8F4DFD002DD928;
					};
				};
			};
			buildConfigurationList = 37BD637D1B8F4DFD002DD928 /* Build configuration list for PBXProject "QQ" */;
			compatibilityVersion = "Xcode 3.2";
			developmentRegion = English;
			hasScannedForEncodings = 0;
			knownRegions = (
				en,
				Base,
			);
			mainGroup = 37BD63791B8F4DFD002DD928;
			productRefGroup = 37BD63831B8F4DFD002DD928 /* Products */;
			projectDirPath = "";
			projectRoot = "";
			targets = (
				37BD63811B8F4DFD002DD928 /* QQ */,
				37BD63961B8F4DFD002DD928 /* QQTests */,
			);
		};
/* End PBXProject section */

/* Begin PBXResourcesBuildPhase section */
		37BD63801B8F4DFD002DD928 /* Resources */ = {
			isa = PBXResourcesBuildPhase;
			buildActionMask = 2147483647;
			files = (
				37BD638D1B8F4DFD002DD928 /* Main.storyboard in Resources */,
				37BD63921B8F4DFD002DD928 /* LaunchScreen.xib in Resources */,
				37BD638F1B8F4DFD002DD928 /* Images.xcassets in Resources */,
			);
			runOnlyForDeploymentPostprocessing = 0;
		};
		37BD63951B8F4DFD002DD928 /* Resources */ = {
			isa = PBXResourcesBuildPhase;
			buildActionMask = 2147483647;
			files = (
			);
			runOnlyForDeploymentPostprocessing = 0;
		};
/* End PBXResourcesBuildPhase section */

/* Begin PBXSourcesBuildPhase section */
		37BD637E1B8F4DFD002DD928 /* Sources */ = {
			isa = PBXSourcesBuildPhase;
			buildActionMask = 2147483647;
			files = (
				37BD638A1B8F4DFD002DD928 /* ViewController.swift in Sources */,
				37BD63881B8F4DFD002DD928 /* AppDelegate.swift in Sources */,
			);
			runOnlyForDeploymentPostprocessing = 0;
		};
		37BD63931B8F4DFD002DD928 /* Sources */ = {
			isa = PBXSourcesBuildPhase;
			buildActionMask = 2147483647;
			files = (
				37BD639E1B8F4DFD002DD928 /* QQTests.swift in Sources */,
			);
			runOnlyForDeploymentPostprocessing = 0;
		};
/* End PBXSourcesBuildPhase section */

/* Begin PBXTargetDependency section */
		37BD63991B8F4DFD002DD928 /* PBXTargetDependency */ = {
			isa = PBXTargetDependency;
			target = 37BD63811B8F4DFD002DD928 /* QQ */;
			targetProxy = 37BD63981B8F4DFD002DD928 /* PBXContainerItemProxy */;
		};
/* End PBXTargetDependency section */

/* Begin PBXVariantGroup section */
		37BD638B1B8F4DFD002DD928 /* Main.storyboard */ = {
			isa = PBXVariantGroup;
			children = (
				37BD638C1B8F4DFD002DD928 /* Base */,
			);
			name = Main.storyboard;
			sourceTree = "<group>";
		};
		37BD63901B8F4DFD002DD928 /* LaunchScreen.xib */ = {
			isa = PBXVariantGroup;
			children = (
				37BD63911B8F4DFD002DD928 /* Base */,
			);
			name = LaunchScreen.xib;
			sourceTree = "<group>";
		};
/* End PBXVariantGroup section */

/* Begin XCBuildConfiguration section */
		37BD639F1B8F4DFD002DD928 /* Debug */ = {
			isa = XCBuildConfiguration;
			buildSettings = {
				ALWAYS_SEARCH_USER_PATHS = NO;
				CLANG_CXX_LANGUAGE_STANDARD = "gnu++0x";
				CLANG_CXX_LIBRARY = "libc++";
				CLANG_ENABLE_MODULES = YES;
				CLANG_ENABLE_OBJC_ARC = YES;
				CLANG_WARN_BOOL_CONVERSION = YES;
				CLANG_WARN_CONSTANT_CONVERSION = YES;
				CLANG_WARN_DIRECT_OBJC_ISA_USAGE = YES_ERROR;
				CLANG_WARN_EMPTY_BODY = YES;
				CLANG_WARN_ENUM_CONVERSION = YES;
				CLANG_WARN_INT_CONVERSION = YES;
				CLANG_WARN_OBJC_ROOT_CLASS = YES_ERROR;
				CLANG_WARN_UNREACHABLE_CODE = YES;
				CLANG_WARN__DUPLICATE_METHOD_MATCH = YES;
				"CODE_SIGN_IDENTITY[sdk=iphoneos*]" = "iPhone Developer";
				COPY_PHASE_STRIP = NO;
				DEBUG_INFORMATION_FORMAT = "dwarf-with-dsym";
				ENABLE_STRICT_OBJC_MSGSEND = YES;
				GCC_C_LANGUAGE_STANDARD = gnu99;
				GCC_DYNAMIC_NO_PIC = NO;
				GCC_NO_COMMON_BLOCKS = YES;
				GCC_OPTIMIZATION_LEVEL = 0;
				GCC_PREPROCESSOR_DEFINITIONS = (
					"DEBUG=1",
					"$(inherited)",
				);
				GCC_SYMBOLS_PRIVATE_EXTERN = NO;
				GCC_WARN_64_TO_32_BIT_CONVERSION = YES;
				GCC_WARN_ABOUT_RETURN_TYPE = YES_ERROR;
				GCC_WARN_UNDECLARED_SELECTOR = YES;
				GCC_WARN_UNINITIALIZED_AUTOS = YES_AGGRESSIVE;
				GCC_WARN_UNUSED_FUNCTION = YES;
				GCC_WARN_UNUSED_VARIABLE = YES;
				IPHONEOS_DEPLOYMENT_TARGET = 8.4;
				MTL_ENABLE_DEBUG_INFO = YES;
				ONLY_ACTIVE_ARCH = YES;
				SDKROOT = iphoneos;
				SWIFT_OPTIMIZATION_LEVEL = "-Onone";
			};
			name = Debug;
		};
		37BD63A01B8F4DFD002DD928 /* Release */ = {
			isa = XCBuildConfiguration;
			buildSettings = {
				ALWAYS_SEARCH_USER_PATHS = NO;
				CLANG_CXX_LANGUAGE_STANDARD = "gnu++0x";
				CLANG_CXX_LIBRARY = "libc++";
				CLANG_ENABLE_MODULES = YES;
				CLANG_ENABLE_OBJC_ARC = YES;
				CLANG_WARN_BOOL_CONVERSION = YES;
				CLANG_WARN_CONSTANT_CONVERSION = YES;
				CLANG_WARN_DIRECT_OBJC_ISA_USAGE = YES_ERROR;
				CLANG_WARN_EMPTY_BODY = YES;
				CLANG_WARN_ENUM_CONVERSION = YES;
				CLANG_WARN_INT_CONVERSION = YES;
				CLANG_WARN_OBJC_ROOT_CLASS = YES_ERROR;
				CLANG_WARN_UNREACHABLE_CODE = YES;
				CLANG_WARN__DUPLICATE_METHOD_MATCH = YES;
				"CODE_SIGN_IDENTITY[sdk=iphoneos*]" = "iPhone Developer";
				COPY_PHASE_STRIP = NO;
				DEBUG_INFORMATION_FORMAT = "dwarf-with-dsym";
				ENABLE_NS_ASSERTIONS = NO;
				ENABLE_STRICT_OBJC_MSGSEND = YES;
				GCC_C_LANGUAGE_STANDARD = gnu99;
				GCC_NO_COMMON_BLOCKS = YES;
				GCC_WARN_64_TO_32_BIT_CONVERSION = YES;
				GCC_WARN_ABOUT_RETURN_TYPE = YES_ERROR;
				GCC_WARN_UNDECLARED_SELECTOR = YES;
				GCC_WARN_UNINITIALIZED_AUTOS = YES_AGGRESSIVE;
				GCC_WARN_UNUSED_FUNCTION = YES;
				GCC_WARN_UNUSED_VARIABLE = YES;
				IPHONEOS_DEPLOYMENT_TARGET = 8.4;
				MTL_ENABLE_DEBUG_INFO = NO;
				SDKROOT = iphoneos;
				VALIDATE_PRODUCT = YES;
			};
			name = Release;
		};
		37BD63A21B8F4DFD002DD928 /* Debug */ = {
			isa = XCBuildConfiguration;
			buildSettings = {
				ASSETCATALOG_COMPILER_APPICON_NAME = AppIcon;
				INFOPLIST_FILE = QQ/Info.plist;
				LD_RUNPATH_SEARCH_PATHS = "$(inherited) @executable_path/Frameworks";
				PRODUCT_NAME = "$(TARGET_NAME)";
			};
			name = Debug;
		};
		37BD63A31B8F4DFD002DD928 /* Release */ = {
			isa = XCBuildConfiguration;
			buildSettings = {
				ASSETCATALOG_COMPILER_APPICON_NAME = AppIcon;
				INFOPLIST_FILE = QQ/Info.plist;
				LD_RUNPATH_SEARCH_PATHS = "$(inherited) @executable_path/Frameworks";
				PRODUCT_NAME = "$(TARGET_NAME)";
			};
			name = Release;
		};
		37BD63A51B8F4DFD002DD928 /* Debug */ = {
			isa = XCBuildConfiguration;
			buildSettings = {
				BUNDLE_LOADER = "$(TEST_HOST)";
				FRAMEWORK_SEARCH_PATHS = (
					"$(SDKROOT)/Developer/Library/Frameworks",
					"$(inherited)",
				);
				GCC_PREPROCESSOR_DEFINITIONS = (
					"DEBUG=1",
					"$(inherited)",
				);
				INFOPLIST_FILE = QQTests/Info.plist;
				LD_RUNPATH_SEARCH_PATHS = "$(inherited) @executable_path/Frameworks @loader_path/Frameworks";
				PRODUCT_NAME = "$(TARGET_NAME)";
				TEST_HOST = "$(BUILT_PRODUCTS_DIR)/QQ.app/QQ";
			};
			name = Debug;
		};
		37BD63A61B8F4DFD002DD928 /* Release */ = {
			isa = XCBuildConfiguration;
			buildSettings = {
				BUNDLE_LOADER = "$(TEST_HOST)";
				FRAMEWORK_SEARCH_PATHS = (
					"$(SDKROOT)/Developer/Library/Frameworks",
					"$(inherited)",
				);
				INFOPLIST_FILE = QQTests/Info.plist;
				LD_RUNPATH_SEARCH_PATHS = "$(inherited) @executable_path/Frameworks @loader_path/Frameworks";
				PRODUCT_NAME = "$(TARGET_NAME)";
				TEST_HOST = "$(BUILT_PRODUCTS_DIR)/QQ.app/QQ";
			};
			name = Release;
		};
/* End XCBuildConfiguration section */

/* Begin XCConfigurationList section */
		37BD637D1B8F4DFD002DD928 /* Build configuration list for PBXProject "QQ" */ = {
			isa = XCConfigurationList;
			buildConfigurations = (
				37BD639F1B8F4DFD002DD928 /* Debug */,
				37BD63A01B8F4DFD002DD928 /* Release */,
			);
			defaultConfigurationIsVisible = 0;
			defaultConfigurationName = Release;
		};
		37BD63A11B8F4DFD002DD928 /* Build configuration list for PBXNativeTarget "QQ" */ = {
			isa = XCConfigurationList;
			buildConfigurations = (
				37BD63A21B8F4DFD002DD928 /* Debug */,
				37BD63A31B8F4DFD002DD928 /* Release */,
			);
			defaultConfigurationIsVisible = 0;
		};
		37BD63A41B8F4DFD002DD928 /* Build configuration list for PBXNativeTarget "QQTests" */ = {
			isa = XCConfigurationList;
			buildConfigurations = (
				37BD63A51B8F4DFD002DD928 /* Debug */,
				37BD63A61B8F4DFD002DD928 /* Release */,
			);
			defaultConfigurationIsVisible = 0;
		};
/* End XCConfigurationList section */
	};
	rootObject = 37BD637A1B8F4DFD002DD928 /* Project object */;
}
